{"is_source_file": false, "format": "", "description": "", "external_files": [], "external_methods": [], "published": [], "classes": [], "methods": [], "calls": [], "search-terms": [], "state": 2, "file_id": 11, "knowledge_revision": 17, "git_revision": "2a75e7d8130f8adb8dbff366eef3647b5797427a", "hash": "9c4ed7ef73e22b872b8055bec08b8979", "format-version": 4, "code-base-name": "default", "filename": "study_mate_quizgenerator/post_process_status.lock", "revision_history": [{"17": "2a75e7d8130f8adb8dbff366eef3647b5797427a"}]}